// !$*UTF8*$!
{
	archiveVersion = 1;
	classes = {
	};
	objectVersion = 55;
	objects = {

/* Begin PBXBuildFile section */
		6FFAFC0C2840FB2300F56085 /* Tests_iOS.swift in Sources */ = {isa = PBXBuildFile; fileRef = 6FFAFC0B2840FB2300F56085 /* Tests_iOS.swift */; };
		6FFAFC0E2840FB2300F56085 /* Tests_iOSLaunchTests.swift in Sources */ = {isa = PBXBuildFile; fileRef = 6FFAFC0D2840FB2300F56085 /* Tests_iOSLaunchTests.swift */; };
		6FFAFC182840FB2300F56085 /* Tests_macOS.swift in Sources */ = {isa = PBXBuildFile; fileRef = 6FFAFC172840FB2300F56085 /* Tests_macOS.swift */; };
		6FFAFC1A2840FB2300F56085 /* Tests_macOSLaunchTests.swift in Sources */ = {isa = PBXBuildFile; fileRef = 6FFAFC192840FB2300F56085 /* Tests_macOSLaunchTests.swift */; };
		6FFAFC1B2840FB2300F56085 /* instagramApp.swift in Sources */ = {isa = PBXBuildFile; fileRef = 6FFAFBF32840FB1F00F56085 /* instagramApp.swift */; };
		6FFAFC1C2840FB2300F56085 /* instagramApp.swift in Sources */ = {isa = PBXBuildFile; fileRef = 6FFAFBF32840FB1F00F56085 /* instagramApp.swift */; };
		6FFAFC1D2840FB2300F56085 /* ContentView.swift in Sources */ = {isa = PBXBuildFile; fileRef = 6FFAFBF42840FB1F00F56085 /* ContentView.swift */; };
		6FFAFC1E2840FB2300F56085 /* ContentView.swift in Sources */ = {isa = PBXBuildFile; fileRef = 6FFAFBF42840FB1F00F56085 /* ContentView.swift */; };
		6FFAFC1F2840FB2300F56085 /* Assets.xcassets in Resources */ = {isa = PBXBuildFile; fileRef = 6FFAFBF52840FB2300F56085 /* Assets.xcassets */; };
		6FFAFC202840FB2300F56085 /* Assets.xcassets in Resources */ = {isa = PBXBuildFile; fileRef = 6FFAFBF52840FB2300F56085 /* Assets.xcassets */; };
		6FFAFC312840FCCE00F56085 /* Post.swift in Sources */ = {isa = PBXBuildFile; fileRef = 6FFAFC2F2840FCCE00F56085 /* Post.swift */; };
		6FFAFC322840FCCE00F56085 /* Author.swift in Sources */ = {isa = PBXBuildFile; fileRef = 6FFAFC302840FCCE00F56085 /* Author.swift */; };
		6FFAFC332840FCDF00F56085 /* Post.swift in Sources */ = {isa = PBXBuildFile; fileRef = 6FFAFC2F2840FCCE00F56085 /* Post.swift */; };
/* End PBXBuildFile section */

/* Begin PBXContainerItemProxy section */
		6FFAFC082840FB2300F56085 /* PBXContainerItemProxy */ = {
			isa = PBXContainerItemProxy;
			containerPortal = 6FFAFBEE2840FB1F00F56085 /* Project object */;
			proxyType = 1;
			remoteGlobalIDString = 6FFAFBF92840FB2300F56085;
			remoteInfo = "instagram (iOS)";
		};
		6FFAFC142840FB2300F56085 /* PBXContainerItemProxy */ = {
			isa = PBXContainerItemProxy;
			containerPortal = 6FFAFBEE2840FB1F00F56085 /* Project object */;
			proxyType = 1;
			remoteGlobalIDString = 6FFAFBFF2840FB2300F56085;
			remoteInfo = "instagram (macOS)";
		};
/* End PBXContainerItemProxy section */

/* Begin PBXFileReference section */
		6FFAFBF32840FB1F00F56085 /* instagramApp.swift */ = {isa = PBXFileReference; lastKnownFileType = sourcecode.swift; path = instagramApp.swift; sourceTree = "<group>"; };
		6FFAFBF42840FB1F00F56085 /* ContentView.swift */ = {isa = PBXFileReference; lastKnownFileType = sourcecode.swift; path = ContentView.swift; sourceTree = "<group>"; };
		6FFAFBF52840FB2300F56085 /* Assets.xcassets */ = {isa = PBXFileReference; lastKnownFileType = folder.assetcatalog; path = Assets.xcassets; sourceTree = "<group>"; };
		6FFAFBFA2840FB2300F56085 /* instagram.app */ = {isa = PBXFileReference; explicitFileType = wrapper.application; includeInIndex = 0; path = instagram.app; sourceTree = BUILT_PRODUCTS_DIR; };
		6FFAFC002840FB2300F56085 /* instagram.app */ = {isa = PBXFileReference; explicitFileType = wrapper.application; includeInIndex = 0; path = instagram.app; sourceTree = BUILT_PRODUCTS_DIR; };
		6FFAFC022840FB2300F56085 /* macOS.entitlements */ = {isa = PBXFileReference; lastKnownFileType = text.plist.entitlements; path = macOS.entitlements; sourceTree = "<group>"; };
		6FFAFC072840FB2300F56085 /* Tests iOS.xctest */ = {isa = PBXFileReference; explicitFileType = wrapper.cfbundle; includeInIndex = 0; path = "Tests iOS.xctest"; sourceTree = BUILT_PRODUCTS_DIR; };
		6FFAFC0B2840FB2300F56085 /* Tests_iOS.swift */ = {isa = PBXFileReference; lastKnownFileType = sourcecode.swift; path = Tests_iOS.swift; sourceTree = "<group>"; };
		6FFAFC0D2840FB2300F56085 /* Tests_iOSLaunchTests.swift */ = {isa = PBXFileReference; lastKnownFileType = sourcecode.swift; path = Tests_iOSLaunchTests.swift; sourceTree = "<group>"; };
		6FFAFC132840FB2300F56085 /* Tests macOS.xctest */ = {isa = PBXFileReference; explicitFileType = wrapper.cfbundle; includeInIndex = 0; path = "Tests macOS.xctest"; sourceTree = BUILT_PRODUCTS_DIR; };
		6FFAFC172840FB2300F56085 /* Tests_macOS.swift */ = {isa = PBXFileReference; lastKnownFileType = sourcecode.swift; path = Tests_macOS.swift; sourceTree = "<group>"; };
		6FFAFC192840FB2300F56085 /* Tests_macOSLaunchTests.swift */ = {isa = PBXFileReference; lastKnownFileType = sourcecode.swift; path = Tests_macOSLaunchTests.swift; sourceTree = "<group>"; };
		6FFAFC2F2840FCCE00F56085 /* Post.swift */ = {isa = PBXFileReference; fileEncoding = 4; lastKnownFileType = sourcecode.swift; path = Post.swift; sourceTree = "<group>"; };
		6FFAFC302840FCCE00F56085 /* Author.swift */ = {isa = PBXFileReference; fileEncoding = 4; lastKnownFileType = sourcecode.swift; path = Author.swift; sourceTree = "<group>"; };
/* End PBXFileReference section */

/* Begin PBXFrameworksBuildPhase section */
		6FFAFBF72840FB2300F56085 /* Frameworks */ = {
			isa = PBXFrameworksBuildPhase;
			buildActionMask = 2147483647;
			files = (
			);
			runOnlyForDeploymentPostprocessing = 0;
		};
		6FFAFBFD2840FB2300F56085 /* Frameworks */ = {
			isa = PBXFrameworksBuildPhase;
			buildActionMask = 2147483647;
			files = (
			);
			runOnlyForDeploymentPostprocessing = 0;
		};
		6FFAFC042840FB2300F56085 /* Frameworks */ = {
			isa = PBXFrameworksBuildPhase;
			buildActionMask = 2147483647;
			files = (
			);
			runOnlyForDeploymentPostprocessing = 0;
		};
		6FFAFC102840FB2300F56085 /* Frameworks */ = {
			isa = PBXFrameworksBuildPhase;
			buildActionMask = 2147483647;
			files = (
			);
			runOnlyForDeploymentPostprocessing = 0;
		};
/* End PBXFrameworksBuildPhase section */

/* Begin PBXGroup section */
		6FFAFBED2840FB1F00F56085 = {
			isa = PBXGroup;
			children = (
				6FFAFBF22840FB1F00F56085 /* Shared */,
				6FFAFC012840FB2300F56085 /* macOS */,
				6FFAFC0A2840FB2300F56085 /* Tests iOS */,
				6FFAFC162840FB2300F56085 /* Tests macOS */,
				6FFAFBFB2840FB2300F56085 /* Products */,
			);
			sourceTree = "<group>";
		};
		6FFAFBF22840FB1F00F56085 /* Shared */ = {
			isa = PBXGroup;
			children = (
				6FFAFC302840FCCE00F56085 /* Author.swift */,
				6FFAFC2F2840FCCE00F56085 /* Post.swift */,
				6FFAFBF32840FB1F00F56085 /* instagramApp.swift */,
				6FFAFBF42840FB1F00F56085 /* ContentView.swift */,
				6FFAFBF52840FB2300F56085 /* Assets.xcassets */,
			);
			path = Shared;
			sourceTree = "<group>";
		};
		6FFAFBFB2840FB2300F56085 /* Products */ = {
			isa = PBXGroup;
			children = (
				6FFAFBFA2840FB2300F56085 /* instagram.app */,
				6FFAFC002840FB2300F56085 /* instagram.app */,
				6FFAFC072840FB2300F56085 /* Tests iOS.xctest */,
				6FFAFC132840FB2300F56085 /* Tests macOS.xctest */,
			);
			name = Products;
			sourceTree = "<group>";
		};
		6FFAFC012840FB2300F56085 /* macOS */ = {
			isa = PBXGroup;
			children = (
				6FFAFC022840FB2300F56085 /* macOS.entitlements */,
			);
			path = macOS;
			sourceTree = "<group>";
		};
		6FFAFC0A2840FB2300F56085 /* Tests iOS */ = {
			isa = PBXGroup;
			children = (
				6FFAFC0B2840FB2300F56085 /* Tests_iOS.swift */,
				6FFAFC0D2840FB2300F56085 /* Tests_iOSLaunchTests.swift */,
			);
			path = "Tests iOS";
			sourceTree = "<group>";
		};
		6FFAFC162840FB2300F56085 /* Tests macOS */ = {
			isa = PBXGroup;
			children = (
				6FFAFC172840FB2300F56085 /* Tests_macOS.swift */,
				6FFAFC192840FB2300F56085 /* Tests_macOSLaunchTests.swift */,
			);
			path = "Tests macOS";
			sourceTree = "<group>";
		};
/* End PBXGroup section */

/* Begin PBXNativeTarget section */
		6FFAFBF92840FB2300F56085 /* instagram (iOS) */ = {
			isa = PBXNativeTarget;
			buildConfigurationList = 6FFAFC232840FB2300F56085 /* Build configuration list for PBXNativeTarget "instagram (iOS)" */;
			buildPhases = (
				6FFAFBF62840FB2300F56085 /* Sources */,
				6FFAFBF72840FB2300F56085 /* Frameworks */,
				6FFAFBF82840FB2300F56085 /* Resources */,
			);
			buildRules = (
			);
			dependencies = (
			);
			name = "instagram (iOS)";
			productName = "instagram (iOS)";
			productReference = 6FFAFBFA2840FB2300F56085 /* instagram.app */;
			productType = "com.apple.product-type.application";
		};
		6FFAFBFF2840FB2300F56085 /* instagram (macOS) */ = {
			isa = PBXNativeTarget;
			buildConfigurationList = 6FFAFC262840FB2300F56085 /* Build configuration list for PBXNativeTarget "instagram (macOS)" */;
			buildPhases = (
				6FFAFBFC2840FB2300F56085 /* Sources */,
				6FFAFBFD2840FB2300F56085 /* Frameworks */,
				6FFAFBFE2840FB2300F56085 /* Resources */,
			);
			buildRules = (
			);
			dependencies = (
			);
			name = "instagram (macOS)";
			productName = "instagram (macOS)";
			productReference = 6FFAFC002840FB2300F56085 /* instagram.app */;
			productType = "com.apple.product-type.application";
		};
		6FFAFC062840FB2300F56085 /* Tests iOS */ = {
			isa = PBXNativeTarget;
			buildConfigurationList = 6FFAFC292840FB2300F56085 /* Build configuration list for PBXNativeTarget "Tests iOS" */;
			buildPhases = (
				6FFAFC032840FB2300F56085 /* Sources */,
				6FFAFC042840FB2300F56085 /* Frameworks */,
				6FFAFC052840FB2300F56085 /* Resources */,
			);
			buildRules = (
			);
			dependencies = (
				6FFAFC092840FB2300F56085 /* PBXTargetDependency */,
			);
			name = "Tests iOS";
			productName = "Tests iOS";
			productReference = 6FFAFC072840FB2300F56085 /* Tests iOS.xctest */;
			productType = "com.apple.product-type.bundle.ui-testing";
		};
		6FFAFC122840FB2300F56085 /* Tests macOS */ = {
			isa = PBXNativeTarget;
			buildConfigurationList = 6FFAFC2C2840FB2300F56085 /* Build configuration list for PBXNativeTarget "Tests macOS" */;
			buildPhases = (
				6FFAFC0F2840FB2300F56085 /* Sources */,
				6FFAFC102840FB2300F56085 /* Frameworks */,
				6FFAFC112840FB2300F56085 /* Resources */,
			);
			buildRules = (
			);
			dependencies = (
				6FFAFC152840FB2300F56085 /* PBXTargetDependency */,
			);
			name = "Tests macOS";
			productName = "Tests macOS";
			productReference = 6FFAFC132840FB2300F56085 /* Tests macOS.xctest */;
			productType = "com.apple.product-type.bundle.ui-testing";
		};
/* End PBXNativeTarget section */

/* Begin PBXProject section */
		6FFAFBEE2840FB1F00F56085 /* Project object */ = {
			isa = PBXProject;
			attributes = {
				BuildIndependentTargetsInParallel = 1;
				LastSwiftUpdateCheck = 1340;
				LastUpgradeCheck = 1340;
				TargetAttributes = {
					6FFAFBF92840FB2300F56085 = {
						CreatedOnToolsVersion = 13.4;
					};
					6FFAFBFF2840FB2300F56085 = {
						CreatedOnToolsVersion = 13.4;
					};
					6FFAFC062840FB2300F56085 = {
						CreatedOnToolsVersion = 13.4;
						TestTargetID = 6FFAFBF92840FB2300F56085;
					};
					6FFAFC122840FB2300F56085 = {
						CreatedOnToolsVersion = 13.4;
						TestTargetID = 6FFAFBFF2840FB2300F56085;
					};
				};
			};
			buildConfigurationList = 6FFAFBF12840FB1F00F56085 /* Build configuration list for PBXProject "instagram" */;
			compatibilityVersion = "Xcode 13.0";
			developmentRegion = en;
			hasScannedForEncodings = 0;
			knownRegions = (
				en,
				Base,
			);
			mainGroup = 6FFAFBED2840FB1F00F56085;
			productRefGroup = 6FFAFBFB2840FB2300F56085 /* Products */;
			projectDirPath = "";
			projectRoot = "";
			targets = (
				6FFAFBF92840FB2300F56085 /* instagram (iOS) */,
				6FFAFBFF2840FB2300F56085 /* instagram (macOS) */,
				6FFAFC062840FB2300F56085 /* Tests iOS */,
				6FFAFC122840FB2300F56085 /* Tests macOS */,
			);
		};
/* End PBXProject section */

/* Begin PBXResourcesBuildPhase section */
		6FFAFBF82840FB2300F56085 /* Resources */ = {
			isa = PBXResourcesBuildPhase;
			buildActionMask = 2147483647;
			files = (
				6FFAFC1F2840FB2300F56085 /* Assets.xcassets in Resources */,
			);
			runOnlyForDeploymentPostprocessing = 0;
		};
		6FFAFBFE2840FB2300F56085 /* Resources */ = {
			isa = PBXResourcesBuildPhase;
			buildActionMask = 2147483647;
			files = (
				6FFAFC202840FB2300F56085 /* Assets.xcassets in Resources */,
			);
			runOnlyForDeploymentPostprocessing = 0;
		};
		6FFAFC052840FB2300F56085 /* Resources */ = {
			isa = PBXResourcesBuildPhase;
			buildActionMask = 2147483647;
			files = (
			);
			runOnlyForDeploymentPostprocessing = 0;
		};
		6FFAFC112840FB2300F56085 /* Resources */ = {
			isa = PBXResourcesBuildPhase;
			buildActionMask = 2147483647;
			files = (
			);
			runOnlyForDeploymentPostprocessing = 0;
		};
/* End PBXResourcesBuildPhase section */

/* Begin PBXSourcesBuildPhase section */
		6FFAFBF62840FB2300F56085 /* Sources */ = {
			isa = PBXSourcesBuildPhase;
			buildActionMask = 2147483647;
			files = (
				6FFAFC312840FCCE00F56085 /* Post.swift in Sources */,
				6FFAFC1D2840FB2300F56085 /* ContentView.swift in Sources */,
				6FFAFC322840FCCE00F56085 /* Author.swift in Sources */,
				6FFAFC1B2840FB2300F56085 /* instagramApp.swift in Sources */,
			);
			runOnlyForDeploymentPostprocessing = 0;
		};
		6FFAFBFC2840FB2300F56085 /* Sources */ = {
			isa = PBXSourcesBuildPhase;
			buildActionMask = 2147483647;
			files = (
				6FFAFC332840FCDF00F56085 /* Post.swift in Sources */,
				6FFAFC1E2840FB2300F56085 /* ContentView.swift in Sources */,
				6FFAFC1C2840FB2300F56085 /* instagramApp.swift in Sources */,
			);
			runOnlyForDeploymentPostprocessing = 0;
		};
		6FFAFC032840FB2300F56085 /* Sources */ = {
			isa = PBXSourcesBuildPhase;
			buildActionMask = 2147483647;
			files = (
				6FFAFC0E2840FB2300F56085 /* Tests_iOSLaunchTests.swift in Sources */,
				6FFAFC0C2840FB2300F56085 /* Tests_iOS.swift in Sources */,
			);
			runOnlyForDeploymentPostprocessing = 0;
		};
		6FFAFC0F2840FB2300F56085 /* Sources */ = {
			isa = PBXSourcesBuildPhase;
			buildActionMask = 2147483647;
			files = (
				6FFAFC1A2840FB2300F56085 /* Tests_macOSLaunchTests.swift in Sources */,
				6FFAFC182840FB2300F56085 /* Tests_macOS.swift in Sources */,
			);
			runOnlyForDeploymentPostprocessing = 0;
		};
/* End PBXSourcesBuildPhase section */

/* Begin PBXTargetDependency section */
		6FFAFC092840FB2300F56085 /* PBXTargetDependency */ = {
			isa = PBXTargetDependency;
			target = 6FFAFBF92840FB2300F56085 /* instagram (iOS) */;
			targetProxy = 6FFAFC082840FB2300F56085 /* PBXContainerItemProxy */;
		};
		6FFAFC152840FB2300F56085 /* PBXTargetDependency */ = {
			isa = PBXTargetDependency;
			target = 6FFAFBFF2840FB2300F56085 /* instagram (macOS) */;
			targetProxy = 6FFAFC142840FB2300F56085 /* PBXContainerItemProxy */;
		};
/* End PBXTargetDependency section */

/* Begin XCBuildConfiguration section */
		6FFAFC212840FB2300F56085 /* Debug */ = {
			isa = XCBuildConfiguration;
			buildSettings = {
				ALWAYS_SEARCH_USER_PATHS = NO;
				CLANG_ANALYZER_NONNULL = YES;
				CLANG_ANALYZER_NUMBER_OBJECT_CONVERSION = YES_AGGRESSIVE;
				CLANG_CXX_LANGUAGE_STANDARD = "gnu++17";
				CLANG_ENABLE_MODULES = YES;
				CLANG_ENABLE_OBJC_ARC = YES;
				CLANG_ENABLE_OBJC_WEAK = YES;
				CLANG_WARN_BLOCK_CAPTURE_AUTORELEASING = YES;
				CLANG_WARN_BOOL_CONVERSION = YES;
				CLANG_WARN_COMMA = YES;
				CLANG_WARN_CONSTANT_CONVERSION = YES;
				CLANG_WARN_DEPRECATED_OBJC_IMPLEMENTATIONS = YES;
				CLANG_WARN_DIRECT_OBJC_ISA_USAGE = YES_ERROR;
				CLANG_WARN_DOCUMENTATION_COMMENTS = YES;
				CLANG_WARN_EMPTY_BODY = YES;
				CLANG_WARN_ENUM_CONVERSION = YES;
				CLANG_WARN_INFINITE_RECURSION = YES;
				CLANG_WARN_INT_CONVERSION = YES;
				CLANG_WARN_NON_LITERAL_NULL_CONVERSION = YES;
				CLANG_WARN_OBJC_IMPLICIT_RETAIN_SELF = YES;
				CLANG_WARN_OBJC_LITERAL_CONVERSION = YES;
				CLANG_WARN_OBJC_ROOT_CLASS = YES_ERROR;
				CLANG_WARN_QUOTED_INCLUDE_IN_FRAMEWORK_HEADER = YES;
				CLANG_WARN_RANGE_LOOP_ANALYSIS = YES;
				CLANG_WARN_STRICT_PROTOTYPES = YES;
				CLANG_WARN_SUSPICIOUS_MOVE = YES;
				CLANG_WARN_UNGUARDED_AVAILABILITY = YES_AGGRESSIVE;
				CLANG_WARN_UNREACHABLE_CODE = YES;
				CLANG_WARN__DUPLICATE_METHOD_MATCH = YES;
				COPY_PHASE_STRIP = NO;
				DEBUG_INFORMATION_FORMAT = dwarf;
				ENABLE_STRICT_OBJC_MSGSEND = YES;
				ENABLE_TESTABILITY = YES;
				GCC_C_LANGUAGE_STANDARD = gnu11;
				GCC_DYNAMIC_NO_PIC = NO;
				GCC_NO_COMMON_BLOCKS = YES;
				GCC_OPTIMIZATION_LEVEL = 0;
				GCC_PREPROCESSOR_DEFINITIONS = (
					"DEBUG=1",
					"$(inherited)",
				);
				GCC_WARN_64_TO_32_BIT_CONVERSION = YES;
				GCC_WARN_ABOUT_RETURN_TYPE = YES_ERROR;
				GCC_WARN_UNDECLARED_SELECTOR = YES;
				GCC_WARN_UNINITIALIZED_AUTOS = YES_AGGRESSIVE;
				GCC_WARN_UNUSED_FUNCTION = YES;
				GCC_WARN_UNUSED_VARIABLE = YES;
				MTL_ENABLE_DEBUG_INFO = INCLUDE_SOURCE;
				MTL_FAST_MATH = YES;
				ONLY_ACTIVE_ARCH = YES;
				SWIFT_ACTIVE_COMPILATION_CONDITIONS = DEBUG;
				SWIFT_OPTIMIZATION_LEVEL = "-Onone";
			};
			name = Debug;
		};
		6FFAFC222840FB2300F56085 /* Release */ = {
			isa = XCBuildConfiguration;
			buildSettings = {
				ALWAYS_SEARCH_USER_PATHS = NO;
				CLANG_ANALYZER_NONNULL = YES;
				CLANG_ANALYZER_NUMBER_OBJECT_CONVERSION = YES_AGGRESSIVE;
				CLANG_CXX_LANGUAGE_STANDARD = "gnu++17";
				CLANG_ENABLE_MODULES = YES;
				CLANG_ENABLE_OBJC_ARC = YES;
				CLANG_ENABLE_OBJC_WEAK = YES;
				CLANG_WARN_BLOCK_CAPTURE_AUTORELEASING = YES;
				CLANG_WARN_BOOL_CONVERSION = YES;
				CLANG_WARN_COMMA = YES;
				CLANG_WARN_CONSTANT_CONVERSION = YES;
				CLANG_WARN_DEPRECATED_OBJC_IMPLEMENTATIONS = YES;
				CLANG_WARN_DIRECT_OBJC_ISA_USAGE = YES_ERROR;
				CLANG_WARN_DOCUMENTATION_COMMENTS = YES;
				CLANG_WARN_EMPTY_BODY = YES;
				CLANG_WARN_ENUM_CONVERSION = YES;
				CLANG_WARN_INFINITE_RECURSION = YES;
				CLANG_WARN_INT_CONVERSION = YES;
				CLANG_WARN_NON_LITERAL_NULL_CONVERSION = YES;
				CLANG_WARN_OBJC_IMPLICIT_RETAIN_SELF = YES;
				CLANG_WARN_OBJC_LITERAL_CONVERSION = YES;
				CLANG_WARN_OBJC_ROOT_CLASS = YES_ERROR;
				CLANG_WARN_QUOTED_INCLUDE_IN_FRAMEWORK_HEADER = YES;
				CLANG_WARN_RANGE_LOOP_ANALYSIS = YES;
				CLANG_WARN_STRICT_PROTOTYPES = YES;
				CLANG_WARN_SUSPICIOUS_MOVE = YES;
				CLANG_WARN_UNGUARDED_AVAILABILITY = YES_AGGRESSIVE;
				CLANG_WARN_UNREACHABLE_CODE = YES;
				CLANG_WARN__DUPLICATE_METHOD_MATCH = YES;
				COPY_PHASE_STRIP = NO;
				DEBUG_INFORMATION_FORMAT = "dwarf-with-dsym";
				ENABLE_NS_ASSERTIONS = NO;
				ENABLE_STRICT_OBJC_MSGSEND = YES;
				GCC_C_LANGUAGE_STANDARD = gnu11;
				GCC_NO_COMMON_BLOCKS = YES;
				GCC_WARN_64_TO_32_BIT_CONVERSION = YES;
				GCC_WARN_ABOUT_RETURN_TYPE = YES_ERROR;
				GCC_WARN_UNDECLARED_SELECTOR = YES;
				GCC_WARN_UNINITIALIZED_AUTOS = YES_AGGRESSIVE;
				GCC_WARN_UNUSED_FUNCTION = YES;
				GCC_WARN_UNUSED_VARIABLE = YES;
				MTL_ENABLE_DEBUG_INFO = NO;
				MTL_FAST_MATH = YES;
				SWIFT_COMPILATION_MODE = wholemodule;
				SWIFT_OPTIMIZATION_LEVEL = "-O";
			};
			name = Release;
		};
		6FFAFC242840FB2300F56085 /* Debug */ = {
			isa = XCBuildConfiguration;
			buildSettings = {
				ASSETCATALOG_COMPILER_APPICON_NAME = AppIcon;
				ASSETCATALOG_COMPILER_GLOBAL_ACCENT_COLOR_NAME = AccentColor;
				CODE_SIGN_STYLE = Automatic;
				CURRENT_PROJECT_VERSION = 1;
				DEVELOPMENT_TEAM = 4CWXJ254HR;
				ENABLE_PREVIEWS = YES;
				GENERATE_INFOPLIST_FILE = YES;
				INFOPLIST_KEY_UIApplicationSceneManifest_Generation = YES;
				INFOPLIST_KEY_UIApplicationSupportsIndirectInputEvents = YES;
				INFOPLIST_KEY_UILaunchScreen_Generation = YES;
				INFOPLIST_KEY_UISupportedInterfaceOrientations_iPad = "UIInterfaceOrientationPortrait UIInterfaceOrientationPortraitUpsideDown UIInterfaceOrientationLandscapeLeft UIInterfaceOrientationLandscapeRight";
				INFOPLIST_KEY_UISupportedInterfaceOrientations_iPhone = "UIInterfaceOrientationPortrait UIInterfaceOrientationLandscapeLeft UIInterfaceOrientationLandscapeRight";
				IPHONEOS_DEPLOYMENT_TARGET = 15.5;
				LD_RUNPATH_SEARCH_PATHS = (
					"$(inherited)",
					"@executable_path/Frameworks",
				);
				MARKETING_VERSION = 1.0;
				PRODUCT_BUNDLE_IDENTIFIER = adksoft.instagram;
				PRODUCT_NAME = instagram;
				SDKROOT = iphoneos;
				SWIFT_EMIT_LOC_STRINGS = YES;
				SWIFT_VERSION = 5.0;
				TARGETED_DEVICE_FAMILY = "1,2";
			};
			name = Debug;
		};
		6FFAFC252840FB2300F56085 /* Release */ = {
			isa = XCBuildConfiguration;
			buildSettings = {
				ASSETCATALOG_COMPILER_APPICON_NAME = AppIcon;
				ASSETCATALOG_COMPILER_GLOBAL_ACCENT_COLOR_NAME = AccentColor;
				CODE_SIGN_STYLE = Automatic;
				CURRENT_PROJECT_VERSION = 1;
				DEVELOPMENT_TEAM = 4CWXJ254HR;
				ENABLE_PREVIEWS = YES;
				GENERATE_INFOPLIST_FILE = YES;
				INFOPLIST_KEY_UIApplicationSceneManifest_Generation = YES;
				INFOPLIST_KEY_UIApplicationSupportsIndirectInputEvents = YES;
				INFOPLIST_KEY_UILaunchScreen_Generation = YES;
				INFOPLIST_KEY_UISupportedInterfaceOrientations_iPad = "UIInterfaceOrientationPortrait UIInterfaceOrientationPortraitUpsideDown UIInterfaceOrientationLandscapeLeft UIInterfaceOrientationLandscapeRight";
				INFOPLIST_KEY_UISupportedInterfaceOrientations_iPhone = "UIInterfaceOrientationPortrait UIInterfaceOrientationLandscapeLeft UIInterfaceOrientationLandscapeRight";
				IPHONEOS_DEPLOYMENT_TARGET = 15.5;
				LD_RUNPATH_SEARCH_PATHS = (
					"$(inherited)",
					"@executable_path/Frameworks",
				);
				MARKETING_VERSION = 1.0;
				PRODUCT_BUNDLE_IDENTIFIER = adksoft.instagram;
				PRODUCT_NAME = instagram;
				SDKROOT = iphoneos;
				SWIFT_EMIT_LOC_STRINGS = YES;
				SWIFT_VERSION = 5.0;
				TARGETED_DEVICE_FAMILY = "1,2";
				VALIDATE_PRODUCT = YES;
			};
			name = Release;
		};
		6FFAFC272840FB2300F56085 /* Debug */ = {
			isa = XCBuildConfiguration;
			buildSettings = {
				ASSETCATALOG_COMPILER_APPICON_NAME = AppIcon;
				ASSETCATALOG_COMPILER_GLOBAL_ACCENT_COLOR_NAME = AccentColor;
				CODE_SIGN_ENTITLEMENTS = macOS/macOS.entitlements;
				CODE_SIGN_STYLE = Automatic;
				COMBINE_HIDPI_IMAGES = YES;
				CURRENT_PROJECT_VERSION = 1;
				DEVELOPMENT_TEAM = 4CWXJ254HR;
				ENABLE_HARDENED_RUNTIME = YES;
				ENABLE_PREVIEWS = YES;
				GENERATE_INFOPLIST_FILE = YES;
				INFOPLIST_KEY_NSHumanReadableCopyright = "";
				LD_RUNPATH_SEARCH_PATHS = (
					"$(inherited)",
					"@executable_path/../Frameworks",
				);
				MACOSX_DEPLOYMENT_TARGET = 12.3;
				MARKETING_VERSION = 1.0;
				PRODUCT_BUNDLE_IDENTIFIER = adksoft.instagram;
				PRODUCT_NAME = instagram;
				SDKROOT = macosx;
				SWIFT_EMIT_LOC_STRINGS = YES;
				SWIFT_VERSION = 5.0;
			};
			name = Debug;
		};
		6FFAFC282840FB2300F56085 /* Release */ = {
			isa = XCBuildConfiguration;
			buildSettings = {
				ASSETCATALOG_COMPILER_APPICON_NAME = AppIcon;
				ASSETCATALOG_COMPILER_GLOBAL_ACCENT_COLOR_NAME = AccentColor;
				CODE_SIGN_ENTITLEMENTS = macOS/macOS.entitlements;
				CODE_SIGN_STYLE = Automatic;
				COMBINE_HIDPI_IMAGES = YES;
				CURRENT_PROJECT_VERSION = 1;
				DEVELOPMENT_TEAM = 4CWXJ254HR;
				ENABLE_HARDENED_RUNTIME = YES;
				ENABLE_PREVIEWS = YES;
				GENERATE_INFOPLIST_FILE = YES;
				INFOPLIST_KEY_NSHumanReadableCopyright = "";
				LD_RUNPATH_SEARCH_PATHS = (
					"$(inherited)",
					"@executable_path/../Frameworks",
				);
				MACOSX_DEPLOYMENT_TARGET = 12.3;
				MARKETING_VERSION = 1.0;
				PRODUCT_BUNDLE_IDENTIFIER = adksoft.instagram;
				PRODUCT_NAME = instagram;
				SDKROOT = macosx;
				SWIFT_EMIT_LOC_STRINGS = YES;
				SWIFT_VERSION = 5.0;
			};
			name = Release;
		};
		6FFAFC2A2840FB2300F56085 /* Debug */ = {
			isa = XCBuildConfiguration;
			buildSettings = {
				ALWAYS_EMBED_SWIFT_STANDARD_LIBRARIES = YES;
				CODE_SIGN_STYLE = Automatic;
				CURRENT_PROJECT_VERSION = 1;
				DEVELOPMENT_TEAM = 4CWXJ254HR;
				GENERATE_INFOPLIST_FILE = YES;
				IPHONEOS_DEPLOYMENT_TARGET = 15.5;
				MARKETING_VERSION = 1.0;
				PRODUCT_BUNDLE_IDENTIFIER = "adksoft.Tests-iOS";
				PRODUCT_NAME = "$(TARGET_NAME)";
				SDKROOT = iphoneos;
				SWIFT_EMIT_LOC_STRINGS = NO;
				SWIFT_VERSION = 5.0;
				TARGETED_DEVICE_FAMILY = "1,2";
				TEST_TARGET_NAME = "instagram (iOS)";
			};
			name = Debug;
		};
		6FFAFC2B2840FB2300F56085 /* Release */ = {
			isa = XCBuildConfiguration;
			buildSettings = {
				ALWAYS_EMBED_SWIFT_STANDARD_LIBRARIES = YES;
				CODE_SIGN_STYLE = Automatic;
				CURRENT_PROJECT_VERSION = 1;
				DEVELOPMENT_TEAM = 4CWXJ254HR;
				GENERATE_INFOPLIST_FILE = YES;
				IPHONEOS_DEPLOYMENT_TARGET = 15.5;
				MARKETING_VERSION = 1.0;
				PRODUCT_BUNDLE_IDENTIFIER = "adksoft.Tests-iOS";
				PRODUCT_NAME = "$(TARGET_NAME)";
				SDKROOT = iphoneos;
				SWIFT_EMIT_LOC_STRINGS = NO;
				SWIFT_VERSION = 5.0;
				TARGETED_DEVICE_FAMILY = "1,2";
				TEST_TARGET_NAME = "instagram (iOS)";
				VALIDATE_PRODUCT = YES;
			};
			name = Release;
		};
		6FFAFC2D2840FB2300F56085 /* Debug */ = {
			isa = XCBuildConfiguration;
			buildSettings = {
				ALWAYS_EMBED_SWIFT_STANDARD_LIBRARIES = YES;
				CODE_SIGN_STYLE = Automatic;
				CURRENT_PROJECT_VERSION = 1;
				DEVELOPMENT_TEAM = 4CWXJ254HR;
				GENERATE_INFOPLIST_FILE = YES;
				MACOSX_DEPLOYMENT_TARGET = 12.3;
				MARKETING_VERSION = 1.0;
				PRODUCT_BUNDLE_IDENTIFIER = "adksoft.Tests-macOS";
				PRODUCT_NAME = "$(TARGET_NAME)";
				SDKROOT = macosx;
				SWIFT_EMIT_LOC_STRINGS = NO;
				SWIFT_VERSION = 5.0;
				TEST_TARGET_NAME = "instagram (macOS)";
			};
			name = Debug;
		};
		6FFAFC2E2840FB2300F56085 /* Release */ = {
			isa = XCBuildConfiguration;
			buildSettings = {
				ALWAYS_EMBED_SWIFT_STANDARD_LIBRARIES = YES;
				CODE_SIGN_STYLE = Automatic;
				CURRENT_PROJECT_VERSION = 1;
				DEVELOPMENT_TEAM = 4CWXJ254HR;
				GENERATE_INFOPLIST_FILE = YES;
				MACOSX_DEPLOYMENT_TARGET = 12.3;
				MARKETING_VERSION = 1.0;
				PRODUCT_BUNDLE_IDENTIFIER = "adksoft.Tests-macOS";
				PRODUCT_NAME = "$(TARGET_NAME)";
				SDKROOT = macosx;
				SWIFT_EMIT_LOC_STRINGS = NO;
				SWIFT_VERSION = 5.0;
				TEST_TARGET_NAME = "instagram (macOS)";
			};
			name = Release;
		};
/* End XCBuildConfiguration section */

/* Begin XCConfigurationList section */
		6FFAFBF12840FB1F00F56085 /* Build configuration list for PBXProject "instagram" */ = {
			isa = XCConfigurationList;
			buildConfigurations = (
				6FFAFC212840FB2300F56085 /* Debug */,
				6FFAFC222840FB2300F56085 /* Release */,
			);
			defaultConfigurationIsVisible = 0;
			defaultConfigurationName = Release;
		};
		6FFAFC232840FB2300F56085 /* Build configuration list for PBXNativeTarget "instagram (iOS)" */ = {
			isa = XCConfigurationList;
			buildConfigurations = (
				6FFAFC242840FB2300F56085 /* Debug */,
				6FFAFC252840FB2300F56085 /* Release */,
			);
			defaultConfigurationIsVisible = 0;
			defaultConfigurationName = Release;
		};
		6FFAFC262840FB2300F56085 /* Build configuration list for PBXNativeTarget "instagram (macOS)" */ = {
			isa = XCConfigurationList;
			buildConfigurations = (
				6FFAFC272840FB2300F56085 /* Debug */,
				6FFAFC282840FB2300F56085 /* Release */,
			);
			defaultConfigurationIsVisible = 0;
			defaultConfigurationName = Release;
		};
		6FFAFC292840FB2300F56085 /* Build configuration list for PBXNativeTarget "Tests iOS" */ = {
			isa = XCConfigurationList;
			buildConfigurations = (
				6FFAFC2A2840FB2300F56085 /* Debug */,
				6FFAFC2B2840FB2300F56085 /* Release */,
			);
			defaultConfigurationIsVisible = 0;
			defaultConfigurationName = Release;
		};
		6FFAFC2C2840FB2300F56085 /* Build configuration list for PBXNativeTarget "Tests macOS" */ = {
			isa = XCConfigurationList;
			buildConfigurations = (
				6FFAFC2D2840FB2300F56085 /* Debug */,
				6FFAFC2E2840FB2300F56085 /* Release */,
			);
			defaultConfigurationIsVisible = 0;
			defaultConfigurationName = Release;
		};
/* End XCConfigurationList section */
	};
	rootObject = 6FFAFBEE2840FB1F00F56085 /* Project object */;
}
